{
  "nodes": {
    "nixpkgs": {
      "info": {
        "lastModified": 1592376843,
        "narHash": "sha256-vKchUGsNMQC9vCmTnpssHMV/+cKXA5QhbEoFm0zua1U="
      },
      "locked": {
        "owner": "NixOS",
        "repo": "nixpkgs",
        "rev": "14fcd947a0150b78d7a37bef56c87fcd57808247",
        "type": "github"
      },
      "original": {
        "id": "nixpkgs",
        "ref": "nixos-unstable",
        "type": "indirect"
      }
    },
    "nixpkgs_2": {
      "info": {
        "lastModified": 1592514044,
        "narHash": "sha256-jGQJmq14vh9ASt9d5Z9yBPsrbUgroiNVNhsoBabsw0k="
      },
      "locked": {
        "owner": "NixOS",
        "repo": "nixpkgs",
        "rev": "e051dab9ff8a58455f6b8375856ac2802c6cd261",
        "type": "github"
      },
      "original": {
        "id": "nixpkgs",
        "type": "indirect"
      }
    },
    "poetry2nix": {
      "info": {
        "lastModified": 1592121810,
        "narHash": "sha256-9cGTKtL7JpllwABxa4iRVU4Qw/YwniLni4RATyONz+s="
      },
      "inputs": {
        "nixpkgs": "nixpkgs_2"
      },
      "locked": {
        "owner": "nix-community",
        "repo": "poetry2nix",
        "rev": "e7c69a288c10e4d97816fdabda5ae3f38e21914e",
        "type": "github"
      },
      "original": {
        "owner": "nix-community",
        "repo": "poetry2nix",
        "type": "github"
      }
    },
    "root": {
      "inputs": {
        "nixpkgs": "nixpkgs",
        "poetry2nix": "poetry2nix"
      }
    }
  },
  "root": "root",
  "version": 5
}
