{
  "nodes": {
    "flake-utils": {
      "locked": {
        "lastModified": 1667077288,
        "narHash": "sha256-bdC8sFNDpT0HK74u9fUkpbf1MEzVYJ+ka7NXCdgBoaA=",
        "owner": "numtide",
        "repo": "flake-utils",
        "rev": "6ee9ebb6b1ee695d2cacc4faa053a7b9baa76817",
        "type": "github"
      },
      "original": {
        "owner": "numtide",
        "repo": "flake-utils",
        "type": "github"
      }
    },
    "nixos-org-configurations": {
      "flake": false,
      "locked": {
        "lastModified": 1666806338,
        "narHash": "sha256-Q0uLdIJAMi1sC0bNOKoPJk39hMMkves1rtEsFDAZZ5o=",
        "owner": "NixOS",
        "repo": "nixos-org-configurations",
        "rev": "cebfd15c30724cadacf85b5fd950dc1070c4eb7d",
        "type": "github"
      },
      "original": {
        "owner": "NixOS",
        "repo": "nixos-org-configurations",
        "type": "github"
      }
    },
    "nixpkgs": {
      "locked": {
        "lastModified": 1666959691,
        "narHash": "sha256-TRpWA3t8ata79HOGtFd5dDCl1kJQmIE16PDF53/Hcxo=",
        "owner": "NixOS",
        "repo": "nixpkgs",
        "rev": "448a599c49978c2794401bfc3a2e1fba1a8663be",
        "type": "github"
      },
      "original": {
        "id": "nixpkgs",
        "ref": "nixos-unstable",
        "type": "indirect"
      }
    },
    "root": {
      "inputs": {
        "flake-utils": "flake-utils",
        "nixos-org-configurations": "nixos-org-configurations",
        "nixpkgs": "nixpkgs"
      }
    }
  },
  "root": "root",
  "version": 7
}
